# This file is automatically @generated by Poetry 1.8.5 and should not be changed by hand.

[[package]]
name = "scapy"
version = "2.7.0"
description = "Scapy: interactive packet manipulation tool"
optional = false
python-versions = "<4,>=3.7"
files = [
    {file = "scapy-2.7.0-py3-none-any.whl", hash = "sha256:eb22786da92be6fd8e5c694ae5595e4f5b9ac1f4364c9c45986844f3e3063561"},
    {file = "scapy-2.7.0.tar.gz", hash = "sha256:bfc1ef1b93280aea1ddee53be7f74232aa28ac3d891244d41ee85200d24aa446"},
]

[package.extras]
all = ["cryptography (>=2.0)", "ipython", "matplotlib", "pyx"]
cli = ["ipython"]
doc = ["cryptography (>=2.0)", "sphinx (>=7.0.0)", "sphinx_rtd_theme (>=1.3.0)", "tox (>=3.0.0)"]

[metadata]
lock-version = "2.0"
python-versions = "^3.8"
content-hash = "f7923f0e1f8cd2ef0eb01e07266907208189603e829669ea04c1fad5f0efb18d"
